// !$*UTF8*$!
{
	archiveVersion = 1;
	classes = {
	};
	objectVersion = 46;
	objects = {

/* Begin PBXBuildFile section */
		A414C9A11ECC52FC00CFCC7F /* AppDelegate.swift in Sources */ = {isa = PBXBuildFile; fileRef = A414C9A01ECC52FC00CFCC7F /* AppDelegate.swift */; };
		A414C9A81ECC52FC00CFCC7F /* Assets.xcassets in Resources */ = {isa = PBXBuildFile; fileRef = A414C9A71ECC52FC00CFCC7F /* Assets.xcassets */; };
		A414C9AB1ECC52FC00CFCC7F /* LaunchScreen.storyboard in Resources */ = {isa = PBXBuildFile; fileRef = A414C9A91ECC52FC00CFCC7F /* LaunchScreen.storyboard */; };
		A414C9BD1ECC5E8C00CFCC7F /* CLMainViewController.swift in Sources */ = {isa = PBXBuildFile; fileRef = A414C9BC1ECC5E8C00CFCC7F /* CLMainViewController.swift */; };
		A414C9C11ECC5F1500CFCC7F /* CLBaseViewController.swift in Sources */ = {isa = PBXBuildFile; fileRef = A414C9C01ECC5F1500CFCC7F /* CLBaseViewController.swift */; };
		A414C9C41ECD4B6F00CFCC7F /* CLHomeViewController.swift in Sources */ = {isa = PBXBuildFile; fileRef = A414C9C31ECD4B6F00CFCC7F /* CLHomeViewController.swift */; };
		A414C9E31ECD4DB300CFCC7F /* NSArray+Log.m in Sources */ = {isa = PBXBuildFile; fileRef = A414C9C81ECD4DB300CFCC7F /* NSArray+Log.m */; };
		A414C9E41ECD4DB300CFCC7F /* NSAttributedString+CZAdditon.m in Sources */ = {isa = PBXBuildFile; fileRef = A414C9CA1ECD4DB300CFCC7F /* NSAttributedString+CZAdditon.m */; };
		A414C9E51ECD4DB300CFCC7F /* NSObject+CZRuntime.m in Sources */ = {isa = PBXBuildFile; fileRef = A414C9CC1ECD4DB300CFCC7F /* NSObject+CZRuntime.m */; };
		A414C9E61ECD4DB300CFCC7F /* NSString+CZBase64.m in Sources */ = {isa = PBXBuildFile; fileRef = A414C9CE1ECD4DB300CFCC7F /* NSString+CZBase64.m */; };
		A414C9E71ECD4DB300CFCC7F /* NSString+CZHash.m in Sources */ = {isa = PBXBuildFile; fileRef = A414C9D01ECD4DB300CFCC7F /* NSString+CZHash.m */; };
		A414C9E81ECD4DB300CFCC7F /* NSString+CZPath.m in Sources */ = {isa = PBXBuildFile; fileRef = A414C9D21ECD4DB300CFCC7F /* NSString+CZPath.m */; };
		A414C9E91ECD4DB300CFCC7F /* UIButton+CZAddition.m in Sources */ = {isa = PBXBuildFile; fileRef = A414C9D41ECD4DB300CFCC7F /* UIButton+CZAddition.m */; };
		A414C9EA1ECD4DB300CFCC7F /* UIColor+CZAddition.m in Sources */ = {isa = PBXBuildFile; fileRef = A414C9D61ECD4DB300CFCC7F /* UIColor+CZAddition.m */; };
		A414C9EB1ECD4DB300CFCC7F /* UIImage+Extension.m in Sources */ = {isa = PBXBuildFile; fileRef = A414C9D81ECD4DB300CFCC7F /* UIImage+Extension.m */; };
		A414C9EC1ECD4DB300CFCC7F /* UILabel+CZAddition.m in Sources */ = {isa = PBXBuildFile; fileRef = A414C9DA1ECD4DB300CFCC7F /* UILabel+CZAddition.m */; };
		A414C9ED1ECD4DB300CFCC7F /* UIScreen+CZAddition.m in Sources */ = {isa = PBXBuildFile; fileRef = A414C9DC1ECD4DB300CFCC7F /* UIScreen+CZAddition.m */; };
		A414C9EE1ECD4DB300CFCC7F /* UIView+CZAddition.m in Sources */ = {isa = PBXBuildFile; fileRef = A414C9DE1ECD4DB300CFCC7F /* UIView+CZAddition.m */; };
		A414C9EF1ECD4DB300CFCC7F /* UIView+JKFrame.m in Sources */ = {isa = PBXBuildFile; fileRef = A414C9E01ECD4DB300CFCC7F /* UIView+JKFrame.m */; };
		A414C9F01ECD4DB300CFCC7F /* UIViewController+CZAddition.m in Sources */ = {isa = PBXBuildFile; fileRef = A414C9E21ECD4DB300CFCC7F /* UIViewController+CZAddition.m */; };
		A414C9F21ECD788F00CFCC7F /* CLNavgationController.swift in Sources */ = {isa = PBXBuildFile; fileRef = A414C9F11ECD788F00CFCC7F /* CLNavgationController.swift */; };
		A414C9F91ECD79D700CFCC7F /* Bundle+Extension.swift in Sources */ = {isa = PBXBuildFile; fileRef = A414C9F41ECD79D700CFCC7F /* Bundle+Extension.swift */; };
		A414C9FA1ECD79D700CFCC7F /* String+Extension.swift in Sources */ = {isa = PBXBuildFile; fileRef = A414C9F51ECD79D700CFCC7F /* String+Extension.swift */; };
		A414C9FB1ECD79D700CFCC7F /* UIBarButtonItem+Extension.swift in Sources */ = {isa = PBXBuildFile; fileRef = A414C9F61ECD79D700CFCC7F /* UIBarButtonItem+Extension.swift */; };
		A414C9FC1ECD79D700CFCC7F /* UIImage+Extensions.swift in Sources */ = {isa = PBXBuildFile; fileRef = A414C9F71ECD79D700CFCC7F /* UIImage+Extensions.swift */; };
		A414C9FD1ECD79D700CFCC7F /* UIImageView+WebImage.swift in Sources */ = {isa = PBXBuildFile; fileRef = A414C9F81ECD79D700CFCC7F /* UIImageView+WebImage.swift */; };
		A414C9FF1ECD7EAE00CFCC7F /* CLMessageViewController.swift in Sources */ = {isa = PBXBuildFile; fileRef = A414C9FE1ECD7EAE00CFCC7F /* CLMessageViewController.swift */; };
		A414CA011ECD7EDD00CFCC7F /* CLDiscoverViewController.swift in Sources */ = {isa = PBXBuildFile; fileRef = A414CA001ECD7EDD00CFCC7F /* CLDiscoverViewController.swift */; };
		A414CA031ECD7EEF00CFCC7F /* CLProfileViewController.swift in Sources */ = {isa = PBXBuildFile; fileRef = A414CA021ECD7EEF00CFCC7F /* CLProfileViewController.swift */; };
/* End PBXBuildFile section */

/* Begin PBXFileReference section */
		A414C99D1ECC52FC00CFCC7F /* stwitter.app */ = {isa = PBXFileReference; explicitFileType = wrapper.application; includeInIndex = 0; path = stwitter.app; sourceTree = BUILT_PRODUCTS_DIR; };
		A414C9A01ECC52FC00CFCC7F /* AppDelegate.swift */ = {isa = PBXFileReference; lastKnownFileType = sourcecode.swift; path = AppDelegate.swift; sourceTree = "<group>"; };
		A414C9A71ECC52FC00CFCC7F /* Assets.xcassets */ = {isa = PBXFileReference; lastKnownFileType = folder.assetcatalog; path = Assets.xcassets; sourceTree = "<group>"; };
		A414C9AA1ECC52FC00CFCC7F /* Base */ = {isa = PBXFileReference; lastKnownFileType = file.storyboard; name = Base; path = Base.lproj/LaunchScreen.storyboard; sourceTree = "<group>"; };
		A414C9AC1ECC52FC00CFCC7F /* Info.plist */ = {isa = PBXFileReference; lastKnownFileType = text.plist.xml; path = Info.plist; sourceTree = "<group>"; };
		A414C9BC1ECC5E8C00CFCC7F /* CLMainViewController.swift */ = {isa = PBXFileReference; fileEncoding = 4; lastKnownFileType = sourcecode.swift; path = CLMainViewController.swift; sourceTree = "<group>"; };
		A414C9C01ECC5F1500CFCC7F /* CLBaseViewController.swift */ = {isa = PBXFileReference; fileEncoding = 4; lastKnownFileType = sourcecode.swift; path = CLBaseViewController.swift; sourceTree = "<group>"; };
		A414C9C21ECD4A8300CFCC7F /* weibo-Bridge.h */ = {isa = PBXFileReference; lastKnownFileType = sourcecode.c.h; path = "weibo-Bridge.h"; sourceTree = "<group>"; };
		A414C9C31ECD4B6F00CFCC7F /* CLHomeViewController.swift */ = {isa = PBXFileReference; fileEncoding = 4; lastKnownFileType = sourcecode.swift; path = CLHomeViewController.swift; sourceTree = "<group>"; };
		A414C9C61ECD4DB300CFCC7F /* CZAdditions.h */ = {isa = PBXFileReference; fileEncoding = 4; lastKnownFileType = sourcecode.c.h; path = CZAdditions.h; sourceTree = "<group>"; };
		A414C9C71ECD4DB300CFCC7F /* NSArray+Log.h */ = {isa = PBXFileReference; fileEncoding = 4; lastKnownFileType = sourcecode.c.h; path = "NSArray+Log.h"; sourceTree = "<group>"; };
		A414C9C81ECD4DB300CFCC7F /* NSArray+Log.m */ = {isa = PBXFileReference; fileEncoding = 4; lastKnownFileType = sourcecode.c.objc; path = "NSArray+Log.m"; sourceTree = "<group>"; };
		A414C9C91ECD4DB300CFCC7F /* NSAttributedString+CZAdditon.h */ = {isa = PBXFileReference; fileEncoding = 4; lastKnownFileType = sourcecode.c.h; path = "NSAttributedString+CZAdditon.h"; sourceTree = "<group>"; };
		A414C9CA1ECD4DB300CFCC7F /* NSAttributedString+CZAdditon.m */ = {isa = PBXFileReference; fileEncoding = 4; lastKnownFileType = sourcecode.c.objc; path = "NSAttributedString+CZAdditon.m"; sourceTree = "<group>"; };
		A414C9CB1ECD4DB300CFCC7F /* NSObject+CZRuntime.h */ = {isa = PBXFileReference; fileEncoding = 4; lastKnownFileType = sourcecode.c.h; path = "NSObject+CZRuntime.h"; sourceTree = "<group>"; };
		A414C9CC1ECD4DB300CFCC7F /* NSObject+CZRuntime.m */ = {isa = PBXFileReference; fileEncoding = 4; lastKnownFileType = sourcecode.c.objc; path = "NSObject+CZRuntime.m"; sourceTree = "<group>"; };
		A414C9CD1ECD4DB300CFCC7F /* NSString+CZBase64.h */ = {isa = PBXFileReference; fileEncoding = 4; lastKnownFileType = sourcecode.c.h; path = "NSString+CZBase64.h"; sourceTree = "<group>"; };
		A414C9CE1ECD4DB300CFCC7F /* NSString+CZBase64.m */ = {isa = PBXFileReference; fileEncoding = 4; lastKnownFileType = sourcecode.c.objc; path = "NSString+CZBase64.m"; sourceTree = "<group>"; };
		A414C9CF1ECD4DB300CFCC7F /* NSString+CZHash.h */ = {isa = PBXFileReference; fileEncoding = 4; lastKnownFileType = sourcecode.c.h; path = "NSString+CZHash.h"; sourceTree = "<group>"; };
		A414C9D01ECD4DB300CFCC7F /* NSString+CZHash.m */ = {isa = PBXFileReference; fileEncoding = 4; lastKnownFileType = sourcecode.c.objc; path = "NSString+CZHash.m"; sourceTree = "<group>"; };
		A414C9D11ECD4DB300CFCC7F /* NSString+CZPath.h */ = {isa = PBXFileReference; fileEncoding = 4; lastKnownFileType = sourcecode.c.h; path = "NSString+CZPath.h"; sourceTree = "<group>"; };
		A414C9D21ECD4DB300CFCC7F /* NSString+CZPath.m */ = {isa = PBXFileReference; fileEncoding = 4; lastKnownFileType = sourcecode.c.objc; path = "NSString+CZPath.m"; sourceTree = "<group>"; };
		A414C9D31ECD4DB300CFCC7F /* UIButton+CZAddition.h */ = {isa = PBXFileReference; fileEncoding = 4; lastKnownFileType = sourcecode.c.h; path = "UIButton+CZAddition.h"; sourceTree = "<group>"; };
		A414C9D41ECD4DB300CFCC7F /* UIButton+CZAddition.m */ = {isa = PBXFileReference; fileEncoding = 4; lastKnownFileType = sourcecode.c.objc; path = "UIButton+CZAddition.m"; sourceTree = "<group>"; };
		A414C9D51ECD4DB300CFCC7F /* UIColor+CZAddition.h */ = {isa = PBXFileReference; fileEncoding = 4; lastKnownFileType = sourcecode.c.h; path = "UIColor+CZAddition.h"; sourceTree = "<group>"; };
		A414C9D61ECD4DB300CFCC7F /* UIColor+CZAddition.m */ = {isa = PBXFileReference; fileEncoding = 4; lastKnownFileType = sourcecode.c.objc; path = "UIColor+CZAddition.m"; sourceTree = "<group>"; };
		A414C9D71ECD4DB300CFCC7F /* UIImage+Extension.h */ = {isa = PBXFileReference; fileEncoding = 4; lastKnownFileType = sourcecode.c.h; path = "UIImage+Extension.h"; sourceTree = "<group>"; };
		A414C9D81ECD4DB300CFCC7F /* UIImage+Extension.m */ = {isa = PBXFileReference; fileEncoding = 4; lastKnownFileType = sourcecode.c.objc; path = "UIImage+Extension.m"; sourceTree = "<group>"; };
		A414C9D91ECD4DB300CFCC7F /* UILabel+CZAddition.h */ = {isa = PBXFileReference; fileEncoding = 4; lastKnownFileType = sourcecode.c.h; path = "UILabel+CZAddition.h"; sourceTree = "<group>"; };
		A414C9DA1ECD4DB300CFCC7F /* UILabel+CZAddition.m */ = {isa = PBXFileReference; fileEncoding = 4; lastKnownFileType = sourcecode.c.objc; path = "UILabel+CZAddition.m"; sourceTree = "<group>"; };
		A414C9DB1ECD4DB300CFCC7F /* UIScreen+CZAddition.h */ = {isa = PBXFileReference; fileEncoding = 4; lastKnownFileType = sourcecode.c.h; path = "UIScreen+CZAddition.h"; sourceTree = "<group>"; };
		A414C9DC1ECD4DB300CFCC7F /* UIScreen+CZAddition.m */ = {isa = PBXFileReference; fileEncoding = 4; lastKnownFileType = sourcecode.c.objc; path = "UIScreen+CZAddition.m"; sourceTree = "<group>"; };
		A414C9DD1ECD4DB300CFCC7F /* UIView+CZAddition.h */ = {isa = PBXFileReference; fileEncoding = 4; lastKnownFileType = sourcecode.c.h; path = "UIView+CZAddition.h"; sourceTree = "<group>"; };
		A414C9DE1ECD4DB300CFCC7F /* UIView+CZAddition.m */ = {isa = PBXFileReference; fileEncoding = 4; lastKnownFileType = sourcecode.c.objc; path = "UIView+CZAddition.m"; sourceTree = "<group>"; };
		A414C9DF1ECD4DB300CFCC7F /* UIView+JKFrame.h */ = {isa = PBXFileReference; fileEncoding = 4; lastKnownFileType = sourcecode.c.h; path = "UIView+JKFrame.h"; sourceTree = "<group>"; };
		A414C9E01ECD4DB300CFCC7F /* UIView+JKFrame.m */ = {isa = PBXFileReference; fileEncoding = 4; lastKnownFileType = sourcecode.c.objc; path = "UIView+JKFrame.m"; sourceTree = "<group>"; };
		A414C9E11ECD4DB300CFCC7F /* UIViewController+CZAddition.h */ = {isa = PBXFileReference; fileEncoding = 4; lastKnownFileType = sourcecode.c.h; path = "UIViewController+CZAddition.h"; sourceTree = "<group>"; };
		A414C9E21ECD4DB300CFCC7F /* UIViewController+CZAddition.m */ = {isa = PBXFileReference; fileEncoding = 4; lastKnownFileType = sourcecode.c.objc; path = "UIViewController+CZAddition.m"; sourceTree = "<group>"; };
		A414C9F11ECD788F00CFCC7F /* CLNavgationController.swift */ = {isa = PBXFileReference; fileEncoding = 4; lastKnownFileType = sourcecode.swift; name = CLNavgationController.swift; path = ../../../../CLNavgationController.swift; sourceTree = "<group>"; };
		A414C9F41ECD79D700CFCC7F /* Bundle+Extension.swift */ = {isa = PBXFileReference; fileEncoding = 4; lastKnownFileType = sourcecode.swift; path = "Bundle+Extension.swift"; sourceTree = "<group>"; };
		A414C9F51ECD79D700CFCC7F /* String+Extension.swift */ = {isa = PBXFileReference; fileEncoding = 4; lastKnownFileType = sourcecode.swift; path = "String+Extension.swift"; sourceTree = "<group>"; };
		A414C9F61ECD79D700CFCC7F /* UIBarButtonItem+Extension.swift */ = {isa = PBXFileReference; fileEncoding = 4; lastKnownFileType = sourcecode.swift; path = "UIBarButtonItem+Extension.swift"; sourceTree = "<group>"; };
		A414C9F71ECD79D700CFCC7F /* UIImage+Extensions.swift */ = {isa = PBXFileReference; fileEncoding = 4; lastKnownFileType = sourcecode.swift; path = "UIImage+Extensions.swift"; sourceTree = "<group>"; };
		A414C9F81ECD79D700CFCC7F /* UIImageView+WebImage.swift */ = {isa = PBXFileReference; fileEncoding = 4; lastKnownFileType = sourcecode.swift; path = "UIImageView+WebImage.swift"; sourceTree = "<group>"; };
		A414C9FE1ECD7EAE00CFCC7F /* CLMessageViewController.swift */ = {isa = PBXFileReference; fileEncoding = 4; lastKnownFileType = sourcecode.swift; path = CLMessageViewController.swift; sourceTree = "<group>"; };
		A414CA001ECD7EDD00CFCC7F /* CLDiscoverViewController.swift */ = {isa = PBXFileReference; fileEncoding = 4; lastKnownFileType = sourcecode.swift; path = CLDiscoverViewController.swift; sourceTree = "<group>"; };
		A414CA021ECD7EEF00CFCC7F /* CLProfileViewController.swift */ = {isa = PBXFileReference; fileEncoding = 4; lastKnownFileType = sourcecode.swift; path = CLProfileViewController.swift; sourceTree = "<group>"; };
/* End PBXFileReference section */

/* Begin PBXFrameworksBuildPhase section */
		A414C99A1ECC52FC00CFCC7F /* Frameworks */ = {
			isa = PBXFrameworksBuildPhase;
			buildActionMask = 2147483647;
			files = (
			);
			runOnlyForDeploymentPostprocessing = 0;
		};
/* End PBXFrameworksBuildPhase section */

/* Begin PBXGroup section */
		A414C9941ECC52FC00CFCC7F = {
			isa = PBXGroup;
			children = (
				A414C99F1ECC52FC00CFCC7F /* stwitter */,
				A414C99E1ECC52FC00CFCC7F /* Products */,
			);
			sourceTree = "<group>";
		};
		A414C99E1ECC52FC00CFCC7F /* Products */ = {
			isa = PBXGroup;
			children = (
				A414C99D1ECC52FC00CFCC7F /* stwitter.app */,
			);
			name = Products;
			sourceTree = "<group>";
		};
		A414C99F1ECC52FC00CFCC7F /* stwitter */ = {
			isa = PBXGroup;
			children = (
				A414C9B21ECC5D8C00CFCC7F /* Classes */,
				A414C9A01ECC52FC00CFCC7F /* AppDelegate.swift */,
				A414C9C21ECD4A8300CFCC7F /* weibo-Bridge.h */,
				A414C9A71ECC52FC00CFCC7F /* Assets.xcassets */,
				A414C9A91ECC52FC00CFCC7F /* LaunchScreen.storyboard */,
				A414C9AC1ECC52FC00CFCC7F /* Info.plist */,
			);
			path = stwitter;
			sourceTree = "<group>";
		};
		A414C9B21ECC5D8C00CFCC7F /* Classes */ = {
			isa = PBXGroup;
			children = (
				A414C9B31ECC5D8C00CFCC7F /* Model */,
				A414C9B41ECC5D8C00CFCC7F /* Tools */,
				A414C9B51ECC5D8C00CFCC7F /* View */,
				A414C9BB1ECC5D8C00CFCC7F /* ViewModel */,
			);
			path = Classes;
			sourceTree = "<group>";
		};
		A414C9B31ECC5D8C00CFCC7F /* Model */ = {
			isa = PBXGroup;
			children = (
			);
			path = Model;
			sourceTree = "<group>";
		};
		A414C9B41ECC5D8C00CFCC7F /* Tools */ = {
			isa = PBXGroup;
			children = (
				A414C9F31ECD79D700CFCC7F /* Extensions */,
				A414C9C51ECD4DB300CFCC7F /* Additions */,
			);
			path = Tools;
			sourceTree = "<group>";
		};
		A414C9B51ECC5D8C00CFCC7F /* View */ = {
			isa = PBXGroup;
			children = (
				A414C9B61ECC5D8C00CFCC7F /* Discover */,
				A414C9B71ECC5D8C00CFCC7F /* Home */,
				A414C9B81ECC5D8C00CFCC7F /* Main */,
				A414C9B91ECC5D8C00CFCC7F /* Message */,
				A414C9BA1ECC5D8C00CFCC7F /* profile */,
			);
			path = View;
			sourceTree = "<group>";
		};
		A414C9B61ECC5D8C00CFCC7F /* Discover */ = {
			isa = PBXGroup;
			children = (
				A414CA001ECD7EDD00CFCC7F /* CLDiscoverViewController.swift */,
			);
			path = Discover;
			sourceTree = "<group>";
		};
		A414C9B71ECC5D8C00CFCC7F /* Home */ = {
			isa = PBXGroup;
			children = (
				A414C9C31ECD4B6F00CFCC7F /* CLHomeViewController.swift */,
			);
			path = Home;
			sourceTree = "<group>";
		};
		A414C9B81ECC5D8C00CFCC7F /* Main */ = {
			isa = PBXGroup;
			children = (
				A414CA041ECE8F4E00CFCC7F /* 主控制器 */,
				A414C9C01ECC5F1500CFCC7F /* CLBaseViewController.swift */,
			);
			path = Main;
			sourceTree = "<group>";
		};
		A414C9B91ECC5D8C00CFCC7F /* Message */ = {
			isa = PBXGroup;
			children = (
				A414C9FE1ECD7EAE00CFCC7F /* CLMessageViewController.swift */,
			);
			path = Message;
			sourceTree = "<group>";
		};
		A414C9BA1ECC5D8C00CFCC7F /* profile */ = {
			isa = PBXGroup;
			children = (
				A414CA021ECD7EEF00CFCC7F /* CLProfileViewController.swift */,
			);
			path = profile;
			sourceTree = "<group>";
		};
		A414C9BB1ECC5D8C00CFCC7F /* ViewModel */ = {
			isa = PBXGroup;
			children = (
			);
			path = ViewModel;
			sourceTree = "<group>";
		};
		A414C9C51ECD4DB300CFCC7F /* Additions */ = {
			isa = PBXGroup;
			children = (
				A414C9C61ECD4DB300CFCC7F /* CZAdditions.h */,
				A414C9C71ECD4DB300CFCC7F /* NSArray+Log.h */,
				A414C9C81ECD4DB300CFCC7F /* NSArray+Log.m */,
				A414C9C91ECD4DB300CFCC7F /* NSAttributedString+CZAdditon.h */,
				A414C9CA1ECD4DB300CFCC7F /* NSAttributedString+CZAdditon.m */,
				A414C9CB1ECD4DB300CFCC7F /* NSObject+CZRuntime.h */,
				A414C9CC1ECD4DB300CFCC7F /* NSObject+CZRuntime.m */,
				A414C9CD1ECD4DB300CFCC7F /* NSString+CZBase64.h */,
				A414C9CE1ECD4DB300CFCC7F /* NSString+CZBase64.m */,
				A414C9CF1ECD4DB300CFCC7F /* NSString+CZHash.h */,
				A414C9D01ECD4DB300CFCC7F /* NSString+CZHash.m */,
				A414C9D11ECD4DB300CFCC7F /* NSString+CZPath.h */,
				A414C9D21ECD4DB300CFCC7F /* NSString+CZPath.m */,
				A414C9D31ECD4DB300CFCC7F /* UIButton+CZAddition.h */,
				A414C9D41ECD4DB300CFCC7F /* UIButton+CZAddition.m */,
				A414C9D51ECD4DB300CFCC7F /* UIColor+CZAddition.h */,
				A414C9D61ECD4DB300CFCC7F /* UIColor+CZAddition.m */,
				A414C9D71ECD4DB300CFCC7F /* UIImage+Extension.h */,
				A414C9D81ECD4DB300CFCC7F /* UIImage+Extension.m */,
				A414C9D91ECD4DB300CFCC7F /* UILabel+CZAddition.h */,
				A414C9DA1ECD4DB300CFCC7F /* UILabel+CZAddition.m */,
				A414C9DB1ECD4DB300CFCC7F /* UIScreen+CZAddition.h */,
				A414C9DC1ECD4DB300CFCC7F /* UIScreen+CZAddition.m */,
				A414C9DD1ECD4DB300CFCC7F /* UIView+CZAddition.h */,
				A414C9DE1ECD4DB300CFCC7F /* UIView+CZAddition.m */,
				A414C9DF1ECD4DB300CFCC7F /* UIView+JKFrame.h */,
				A414C9E01ECD4DB300CFCC7F /* UIView+JKFrame.m */,
				A414C9E11ECD4DB300CFCC7F /* UIViewController+CZAddition.h */,
				A414C9E21ECD4DB300CFCC7F /* UIViewController+CZAddition.m */,
			);
			path = Additions;
			sourceTree = "<group>";
		};
		A414C9F31ECD79D700CFCC7F /* Extensions */ = {
			isa = PBXGroup;
			children = (
				A414C9F41ECD79D700CFCC7F /* Bundle+Extension.swift */,
				A414C9F51ECD79D700CFCC7F /* String+Extension.swift */,
				A414C9F61ECD79D700CFCC7F /* UIBarButtonItem+Extension.swift */,
				A414C9F71ECD79D700CFCC7F /* UIImage+Extensions.swift */,
				A414C9F81ECD79D700CFCC7F /* UIImageView+WebImage.swift */,
			);
			path = Extensions;
			sourceTree = "<group>";
		};
		A414CA041ECE8F4E00CFCC7F /* 主控制器 */ = {
			isa = PBXGroup;
			children = (
				A414C9F11ECD788F00CFCC7F /* CLNavgationController.swift */,
				A414C9BC1ECC5E8C00CFCC7F /* CLMainViewController.swift */,
			);
			name = "主控制器";
			sourceTree = "<group>";
		};
/* End PBXGroup section */

/* Begin PBXNativeTarget section */
		A414C99C1ECC52FC00CFCC7F /* stwitter */ = {
			isa = PBXNativeTarget;
			buildConfigurationList = A414C9AF1ECC52FC00CFCC7F /* Build configuration list for PBXNativeTarget "stwitter" */;
			buildPhases = (
				A414C9991ECC52FC00CFCC7F /* Sources */,
				A414C99A1ECC52FC00CFCC7F /* Frameworks */,
				A414C99B1ECC52FC00CFCC7F /* Resources */,
			);
			buildRules = (
			);
			dependencies = (
			);
			name = stwitter;
			productName = stwitter;
			productReference = A414C99D1ECC52FC00CFCC7F /* stwitter.app */;
			productType = "com.apple.product-type.application";
		};
/* End PBXNativeTarget section */

/* Begin PBXProject section */
		A414C9951ECC52FC00CFCC7F /* Project object */ = {
			isa = PBXProject;
			attributes = {
				CLASSPREFIX = CL;
				LastSwiftUpdateCheck = 0820;
				LastUpgradeCheck = 0820;
				ORGANIZATIONNAME = sun;
				TargetAttributes = {
					A414C99C1ECC52FC00CFCC7F = {
						CreatedOnToolsVersion = 8.2.1;
						DevelopmentTeam = 6EUJKN73VW;
						ProvisioningStyle = Automatic;
					};
				};
			};
			buildConfigurationList = A414C9981ECC52FC00CFCC7F /* Build configuration list for PBXProject "stwitter" */;
			compatibilityVersion = "Xcode 3.2";
			developmentRegion = English;
			hasScannedForEncodings = 0;
			knownRegions = (
				en,
				Base,
			);
			mainGroup = A414C9941ECC52FC00CFCC7F;
			productRefGroup = A414C99E1ECC52FC00CFCC7F /* Products */;
			projectDirPath = "";
			projectRoot = "";
			targets = (
				A414C99C1ECC52FC00CFCC7F /* stwitter */,
			);
		};
/* End PBXProject section */

/* Begin PBXResourcesBuildPhase section */
		A414C99B1ECC52FC00CFCC7F /* Resources */ = {
			isa = PBXResourcesBuildPhase;
			buildActionMask = 2147483647;
			files = (
				A414C9AB1ECC52FC00CFCC7F /* LaunchScreen.storyboard in Resources */,
				A414C9A81ECC52FC00CFCC7F /* Assets.xcassets in Resources */,
			);
			runOnlyForDeploymentPostprocessing = 0;
		};
/* End PBXResourcesBuildPhase section */

/* Begin PBXSourcesBuildPhase section */
		A414C9991ECC52FC00CFCC7F /* Sources */ = {
			isa = PBXSourcesBuildPhase;
			buildActionMask = 2147483647;
			files = (
				A414C9BD1ECC5E8C00CFCC7F /* CLMainViewController.swift in Sources */,
				A414C9FA1ECD79D700CFCC7F /* String+Extension.swift in Sources */,
				A414C9EB1ECD4DB300CFCC7F /* UIImage+Extension.m in Sources */,
				A414C9ED1ECD4DB300CFCC7F /* UIScreen+CZAddition.m in Sources */,
				A414C9A11ECC52FC00CFCC7F /* AppDelegate.swift in Sources */,
				A414C9E71ECD4DB300CFCC7F /* NSString+CZHash.m in Sources */,
				A414C9EF1ECD4DB300CFCC7F /* UIView+JKFrame.m in Sources */,
				A414C9E41ECD4DB300CFCC7F /* NSAttributedString+CZAdditon.m in Sources */,
				A414C9E61ECD4DB300CFCC7F /* NSString+CZBase64.m in Sources */,
				A414C9F21ECD788F00CFCC7F /* CLNavgationController.swift in Sources */,
				A414C9F01ECD4DB300CFCC7F /* UIViewController+CZAddition.m in Sources */,
				A414C9E51ECD4DB300CFCC7F /* NSObject+CZRuntime.m in Sources */,
				A414C9F91ECD79D700CFCC7F /* Bundle+Extension.swift in Sources */,
				A414C9FD1ECD79D700CFCC7F /* UIImageView+WebImage.swift in Sources */,
				A414CA031ECD7EEF00CFCC7F /* CLProfileViewController.swift in Sources */,
				A414C9C41ECD4B6F00CFCC7F /* CLHomeViewController.swift in Sources */,
				A414C9E31ECD4DB300CFCC7F /* NSArray+Log.m in Sources */,
				A414C9C11ECC5F1500CFCC7F /* CLBaseViewController.swift in Sources */,
				A414C9FF1ECD7EAE00CFCC7F /* CLMessageViewController.swift in Sources */,
				A414C9FC1ECD79D700CFCC7F /* UIImage+Extensions.swift in Sources */,
				A414C9FB1ECD79D700CFCC7F /* UIBarButtonItem+Extension.swift in Sources */,
				A414C9E81ECD4DB300CFCC7F /* NSString+CZPath.m in Sources */,
				A414C9E91ECD4DB300CFCC7F /* UIButton+CZAddition.m in Sources */,
				A414CA011ECD7EDD00CFCC7F /* CLDiscoverViewController.swift in Sources */,
				A414C9EC1ECD4DB300CFCC7F /* UILabel+CZAddition.m in Sources */,
				A414C9EA1ECD4DB300CFCC7F /* UIColor+CZAddition.m in Sources */,
				A414C9EE1ECD4DB300CFCC7F /* UIView+CZAddition.m in Sources */,
			);
			runOnlyForDeploymentPostprocessing = 0;
		};
/* End PBXSourcesBuildPhase section */

/* Begin PBXVariantGroup section */
		A414C9A91ECC52FC00CFCC7F /* LaunchScreen.storyboard */ = {
			isa = PBXVariantGroup;
			children = (
				A414C9AA1ECC52FC00CFCC7F /* Base */,
			);
			name = LaunchScreen.storyboard;
			sourceTree = "<group>";
		};
/* End PBXVariantGroup section */

/* Begin XCBuildConfiguration section */
		A414C9AD1ECC52FC00CFCC7F /* Debug */ = {
			isa = XCBuildConfiguration;
			buildSettings = {
				ALWAYS_SEARCH_USER_PATHS = NO;
				CLANG_ANALYZER_NONNULL = YES;
				CLANG_CXX_LANGUAGE_STANDARD = "gnu++0x";
				CLANG_CXX_LIBRARY = "libc++";
				CLANG_ENABLE_MODULES = YES;
				CLANG_ENABLE_OBJC_ARC = YES;
				CLANG_WARN_BOOL_CONVERSION = YES;
				CLANG_WARN_CONSTANT_CONVERSION = YES;
				CLANG_WARN_DIRECT_OBJC_ISA_USAGE = YES_ERROR;
				CLANG_WARN_DOCUMENTATION_COMMENTS = YES;
				CLANG_WARN_EMPTY_BODY = YES;
				CLANG_WARN_ENUM_CONVERSION = YES;
				CLANG_WARN_INFINITE_RECURSION = YES;
				CLANG_WARN_INT_CONVERSION = YES;
				CLANG_WARN_OBJC_ROOT_CLASS = YES_ERROR;
				CLANG_WARN_SUSPICIOUS_MOVE = YES;
				CLANG_WARN_UNREACHABLE_CODE = YES;
				CLANG_WARN__DUPLICATE_METHOD_MATCH = YES;
				"CODE_SIGN_IDENTITY[sdk=iphoneos*]" = "iPhone Developer";
				COPY_PHASE_STRIP = NO;
				DEBUG_INFORMATION_FORMAT = dwarf;
				ENABLE_STRICT_OBJC_MSGSEND = YES;
				ENABLE_TESTABILITY = YES;
				GCC_C_LANGUAGE_STANDARD = gnu99;
				GCC_DYNAMIC_NO_PIC = NO;
				GCC_NO_COMMON_BLOCKS = YES;
				GCC_OPTIMIZATION_LEVEL = 0;
				GCC_PREPROCESSOR_DEFINITIONS = (
					"DEBUG=1",
					"$(inherited)",
				);
				GCC_WARN_64_TO_32_BIT_CONVERSION = YES;
				GCC_WARN_ABOUT_RETURN_TYPE = YES_ERROR;
				GCC_WARN_UNDECLARED_SELECTOR = YES;
				GCC_WARN_UNINITIALIZED_AUTOS = YES_AGGRESSIVE;
				GCC_WARN_UNUSED_FUNCTION = YES;
				GCC_WARN_UNUSED_VARIABLE = YES;
				IPHONEOS_DEPLOYMENT_TARGET = 10.2;
				MTL_ENABLE_DEBUG_INFO = YES;
				ONLY_ACTIVE_ARCH = YES;
				SDKROOT = iphoneos;
				SWIFT_ACTIVE_COMPILATION_CONDITIONS = DEBUG;
				SWIFT_OPTIMIZATION_LEVEL = "-Onone";
			};
			name = Debug;
		};
		A414C9AE1ECC52FC00CFCC7F /* Release */ = {
			isa = XCBuildConfiguration;
			buildSettings = {
				ALWAYS_SEARCH_USER_PATHS = NO;
				CLANG_ANALYZER_NONNULL = YES;
				CLANG_CXX_LANGUAGE_STANDARD = "gnu++0x";
				CLANG_CXX_LIBRARY = "libc++";
				CLANG_ENABLE_MODULES = YES;
				CLANG_ENABLE_OBJC_ARC = YES;
				CLANG_WARN_BOOL_CONVERSION = YES;
				CLANG_WARN_CONSTANT_CONVERSION = YES;
				CLANG_WARN_DIRECT_OBJC_ISA_USAGE = YES_ERROR;
				CLANG_WARN_DOCUMENTATION_COMMENTS = YES;
				CLANG_WARN_EMPTY_BODY = YES;
				CLANG_WARN_ENUM_CONVERSION = YES;
				CLANG_WARN_INFINITE_RECURSION = YES;
				CLANG_WARN_INT_CONVERSION = YES;
				CLANG_WARN_OBJC_ROOT_CLASS = YES_ERROR;
				CLANG_WARN_SUSPICIOUS_MOVE = YES;
				CLANG_WARN_UNREACHABLE_CODE = YES;
				CLANG_WARN__DUPLICATE_METHOD_MATCH = YES;
				"CODE_SIGN_IDENTITY[sdk=iphoneos*]" = "iPhone Developer";
				COPY_PHASE_STRIP = NO;
				DEBUG_INFORMATION_FORMAT = "dwarf-with-dsym";
				ENABLE_NS_ASSERTIONS = NO;
				ENABLE_STRICT_OBJC_MSGSEND = YES;
				GCC_C_LANGUAGE_STANDARD = gnu99;
				GCC_NO_COMMON_BLOCKS = YES;
				GCC_WARN_64_TO_32_BIT_CONVERSION = YES;
				GCC_WARN_ABOUT_RETURN_TYPE = YES_ERROR;
				GCC_WARN_UNDECLARED_SELECTOR = YES;
				GCC_WARN_UNINITIALIZED_AUTOS = YES_AGGRESSIVE;
				GCC_WARN_UNUSED_FUNCTION = YES;
				GCC_WARN_UNUSED_VARIABLE = YES;
				IPHONEOS_DEPLOYMENT_TARGET = 10.2;
				MTL_ENABLE_DEBUG_INFO = NO;
				SDKROOT = iphoneos;
				SWIFT_OPTIMIZATION_LEVEL = "-Owholemodule";
				VALIDATE_PRODUCT = YES;
			};
			name = Release;
		};
		A414C9B01ECC52FC00CFCC7F /* Debug */ = {
			isa = XCBuildConfiguration;
			buildSettings = {
				ASSETCATALOG_COMPILER_APPICON_NAME = AppIcon;
				ASSETCATALOG_COMPILER_LAUNCHIMAGE_NAME = LaunchImage;
				DEVELOPMENT_TEAM = 6EUJKN73VW;
				INFOPLIST_FILE = stwitter/Info.plist;
				IPHONEOS_DEPLOYMENT_TARGET = 8.0;
				LD_RUNPATH_SEARCH_PATHS = "$(inherited) @executable_path/Frameworks";
				PRODUCT_BUNDLE_IDENTIFIER = com.sunshineiot.stwitter;
				PRODUCT_NAME = "$(TARGET_NAME)";
				SWIFT_OBJC_BRIDGING_HEADER = "stwitter/weibo-Bridge.h";
				SWIFT_VERSION = 3.0;
				TARGETED_DEVICE_FAMILY = 1;
			};
			name = Debug;
		};
		A414C9B11ECC52FC00CFCC7F /* Release */ = {
			isa = XCBuildConfiguration;
			buildSettings = {
				ASSETCATALOG_COMPILER_APPICON_NAME = AppIcon;
				ASSETCATALOG_COMPILER_LAUNCHIMAGE_NAME = LaunchImage;
				DEVELOPMENT_TEAM = 6EUJKN73VW;
				INFOPLIST_FILE = stwitter/Info.plist;
				IPHONEOS_DEPLOYMENT_TARGET = 8.0;
				LD_RUNPATH_SEARCH_PATHS = "$(inherited) @executable_path/Frameworks";
				PRODUCT_BUNDLE_IDENTIFIER = com.sunshineiot.stwitter;
				PRODUCT_NAME = "$(TARGET_NAME)";
				SWIFT_OBJC_BRIDGING_HEADER = "stwitter/weibo-Bridge.h";
				SWIFT_VERSION = 3.0;
				TARGETED_DEVICE_FAMILY = 1;
			};
			name = Release;
		};
/* End XCBuildConfiguration section */

/* Begin XCConfigurationList section */
		A414C9981ECC52FC00CFCC7F /* Build configuration list for PBXProject "stwitter" */ = {
			isa = XCConfigurationList;
			buildConfigurations = (
				A414C9AD1ECC52FC00CFCC7F /* Debug */,
				A414C9AE1ECC52FC00CFCC7F /* Release */,
			);
			defaultConfigurationIsVisible = 0;
			defaultConfigurationName = Release;
		};
		A414C9AF1ECC52FC00CFCC7F /* Build configuration list for PBXNativeTarget "stwitter" */ = {
			isa = XCConfigurationList;
			buildConfigurations = (
				A414C9B01ECC52FC00CFCC7F /* Debug */,
				A414C9B11ECC52FC00CFCC7F /* Release */,
			);
			defaultConfigurationIsVisible = 0;
			defaultConfigurationName = Release;
		};
/* End XCConfigurationList section */
	};
	rootObject = A414C9951ECC52FC00CFCC7F /* Project object */;
}
